// !$*UTF8*$!
{
	archiveVersion = 1;
	classes = {
	};
	objectVersion = 56;
	objects = {

/* Begin PBXBuildFile section */
		5599B77C2AAF8DDF0026FA1E /* AppDelegate.swift in Sources */ = {isa = PBXBuildFile; fileRef = 5599B77B2AAF8DDF0026FA1E /* AppDelegate.swift */; };
		5599B77E2AAF8DDF0026FA1E /* SceneDelegate.swift in Sources */ = {isa = PBXBuildFile; fileRef = 5599B77D2AAF8DDF0026FA1E /* SceneDelegate.swift */; };
		5599B7802AAF8DDF0026FA1E /* ViewController.swift in Sources */ = {isa = PBXBuildFile; fileRef = 5599B77F2AAF8DDF0026FA1E /* ViewController.swift */; };
		5599B7832AAF8DDF0026FA1E /* Main.storyboard in Resources */ = {isa = PBXBuildFile; fileRef = 5599B7812AAF8DDF0026FA1E /* Main.storyboard */; };
		5599B7852AAF8DE10026FA1E /* Assets.xcassets in Resources */ = {isa = PBXBuildFile; fileRef = 5599B7842AAF8DE10026FA1E /* Assets.xcassets */; };
		5599B7882AAF8DE10026FA1E /* LaunchScreen.storyboard in Resources */ = {isa = PBXBuildFile; fileRef = 5599B7862AAF8DE10026FA1E /* LaunchScreen.storyboard */; };
		5599B7932AAF8DE10026FA1E /* SinkOrSwimTests.swift in Sources */ = {isa = PBXBuildFile; fileRef = 5599B7922AAF8DE10026FA1E /* SinkOrSwimTests.swift */; };
		5599B79D2AAF8DE10026FA1E /* SinkOrSwimUITests.swift in Sources */ = {isa = PBXBuildFile; fileRef = 5599B79C2AAF8DE10026FA1E /* SinkOrSwimUITests.swift */; };
		5599B79F2AAF8DE10026FA1E /* SinkOrSwimUITestsLaunchTests.swift in Sources */ = {isa = PBXBuildFile; fileRef = 5599B79E2AAF8DE10026FA1E /* SinkOrSwimUITestsLaunchTests.swift */; };
/* End PBXBuildFile section */

/* Begin PBXContainerItemProxy section */
		5599B78F2AAF8DE10026FA1E /* PBXContainerItemProxy */ = {
			isa = PBXContainerItemProxy;
			containerPortal = 5599B7702AAF8DDF0026FA1E /* Project object */;
			proxyType = 1;
			remoteGlobalIDString = 5599B7772AAF8DDF0026FA1E;
			remoteInfo = SinkOrSwim;
		};
		5599B7992AAF8DE10026FA1E /* PBXContainerItemProxy */ = {
			isa = PBXContainerItemProxy;
			containerPortal = 5599B7702AAF8DDF0026FA1E /* Project object */;
			proxyType = 1;
			remoteGlobalIDString = 5599B7772AAF8DDF0026FA1E;
			remoteInfo = SinkOrSwim;
		};
/* End PBXContainerItemProxy section */

/* Begin PBXFileReference section */
		5599B7782AAF8DDF0026FA1E /* SinkOrSwim.app */ = {isa = PBXFileReference; explicitFileType = wrapper.application; includeInIndex = 0; path = SinkOrSwim.app; sourceTree = BUILT_PRODUCTS_DIR; };
		5599B77B2AAF8DDF0026FA1E /* AppDelegate.swift */ = {isa = PBXFileReference; lastKnownFileType = sourcecode.swift; path = AppDelegate.swift; sourceTree = "<group>"; };
		5599B77D2AAF8DDF0026FA1E /* SceneDelegate.swift */ = {isa = PBXFileReference; lastKnownFileType = sourcecode.swift; path = SceneDelegate.swift; sourceTree = "<group>"; };
		5599B77F2AAF8DDF0026FA1E /* ViewController.swift */ = {isa = PBXFileReference; lastKnownFileType = sourcecode.swift; path = ViewController.swift; sourceTree = "<group>"; };
		5599B7822AAF8DDF0026FA1E /* Base */ = {isa = PBXFileReference; lastKnownFileType = file.storyboard; name = Base; path = Base.lproj/Main.storyboard; sourceTree = "<group>"; };
		5599B7842AAF8DE10026FA1E /* Assets.xcassets */ = {isa = PBXFileReference; lastKnownFileType = folder.assetcatalog; path = Assets.xcassets; sourceTree = "<group>"; };
		5599B7872AAF8DE10026FA1E /* Base */ = {isa = PBXFileReference; lastKnownFileType = file.storyboard; name = Base; path = Base.lproj/LaunchScreen.storyboard; sourceTree = "<group>"; };
		5599B7892AAF8DE10026FA1E /* Info.plist */ = {isa = PBXFileReference; lastKnownFileType = text.plist.xml; path = Info.plist; sourceTree = "<group>"; };
		5599B78E2AAF8DE10026FA1E /* SinkOrSwimTests.xctest */ = {isa = PBXFileReference; explicitFileType = wrapper.cfbundle; includeInIndex = 0; path = SinkOrSwimTests.xctest; sourceTree = BUILT_PRODUCTS_DIR; };
		5599B7922AAF8DE10026FA1E /* SinkOrSwimTests.swift */ = {isa = PBXFileReference; lastKnownFileType = sourcecode.swift; path = SinkOrSwimTests.swift; sourceTree = "<group>"; };
		5599B7982AAF8DE10026FA1E /* SinkOrSwimUITests.xctest */ = {isa = PBXFileReference; explicitFileType = wrapper.cfbundle; includeInIndex = 0; path = SinkOrSwimUITests.xctest; sourceTree = BUILT_PRODUCTS_DIR; };
		5599B79C2AAF8DE10026FA1E /* SinkOrSwimUITests.swift */ = {isa = PBXFileReference; lastKnownFileType = sourcecode.swift; path = SinkOrSwimUITests.swift; sourceTree = "<group>"; };
		5599B79E2AAF8DE10026FA1E /* SinkOrSwimUITestsLaunchTests.swift */ = {isa = PBXFileReference; lastKnownFileType = sourcecode.swift; path = SinkOrSwimUITestsLaunchTests.swift; sourceTree = "<group>"; };
/* End PBXFileReference section */

/* Begin PBXFrameworksBuildPhase section */
		5599B7752AAF8DDF0026FA1E /* Frameworks */ = {
			isa = PBXFrameworksBuildPhase;
			buildActionMask = 2147483647;
			files = (
			);
			runOnlyForDeploymentPostprocessing = 0;
		};
		5599B78B2AAF8DE10026FA1E /* Frameworks */ = {
			isa = PBXFrameworksBuildPhase;
			buildActionMask = 2147483647;
			files = (
			);
			runOnlyForDeploymentPostprocessing = 0;
		};
		5599B7952AAF8DE10026FA1E /* Frameworks */ = {
			isa = PBXFrameworksBuildPhase;
			buildActionMask = 2147483647;
			files = (
			);
			runOnlyForDeploymentPostprocessing = 0;
		};
/* End PBXFrameworksBuildPhase section */

/* Begin PBXGroup section */
		5599B76F2AAF8DDF0026FA1E = {
			isa = PBXGroup;
			children = (
				5599B77A2AAF8DDF0026FA1E /* SinkOrSwim */,
				5599B7912AAF8DE10026FA1E /* SinkOrSwimTests */,
				5599B79B2AAF8DE10026FA1E /* SinkOrSwimUITests */,
				5599B7792AAF8DDF0026FA1E /* Products */,
			);
			sourceTree = "<group>";
		};
		5599B7792AAF8DDF0026FA1E /* Products */ = {
			isa = PBXGroup;
			children = (
				5599B7782AAF8DDF0026FA1E /* SinkOrSwim.app */,
				5599B78E2AAF8DE10026FA1E /* SinkOrSwimTests.xctest */,
				5599B7982AAF8DE10026FA1E /* SinkOrSwimUITests.xctest */,
			);
			name = Products;
			sourceTree = "<group>";
		};
		5599B77A2AAF8DDF0026FA1E /* SinkOrSwim */ = {
			isa = PBXGroup;
			children = (
				5599B77B2AAF8DDF0026FA1E /* AppDelegate.swift */,
				5599B77D2AAF8DDF0026FA1E /* SceneDelegate.swift */,
				5599B77F2AAF8DDF0026FA1E /* ViewController.swift */,
				5599B7812AAF8DDF0026FA1E /* Main.storyboard */,
				5599B7842AAF8DE10026FA1E /* Assets.xcassets */,
				5599B7862AAF8DE10026FA1E /* LaunchScreen.storyboard */,
				5599B7892AAF8DE10026FA1E /* Info.plist */,
			);
			path = SinkOrSwim;
			sourceTree = "<group>";
		};
		5599B7912AAF8DE10026FA1E /* SinkOrSwimTests */ = {
			isa = PBXGroup;
			children = (
				5599B7922AAF8DE10026FA1E /* SinkOrSwimTests.swift */,
			);
			path = SinkOrSwimTests;
			sourceTree = "<group>";
		};
		5599B79B2AAF8DE10026FA1E /* SinkOrSwimUITests */ = {
			isa = PBXGroup;
			children = (
				5599B79C2AAF8DE10026FA1E /* SinkOrSwimUITests.swift */,
				5599B79E2AAF8DE10026FA1E /* SinkOrSwimUITestsLaunchTests.swift */,
			);
			path = SinkOrSwimUITests;
			sourceTree = "<group>";
		};
/* End PBXGroup section */

/* Begin PBXNativeTarget section */
		5599B7772AAF8DDF0026FA1E /* SinkOrSwim */ = {
			isa = PBXNativeTarget;
			buildConfigurationList = 5599B7A22AAF8DE10026FA1E /* Build configuration list for PBXNativeTarget "SinkOrSwim" */;
			buildPhases = (
				5599B7742AAF8DDF0026FA1E /* Sources */,
				5599B7752AAF8DDF0026FA1E /* Frameworks */,
				5599B7762AAF8DDF0026FA1E /* Resources */,
			);
			buildRules = (
			);
			dependencies = (
			);
			name = SinkOrSwim;
			productName = SinkOrSwim;
			productReference = 5599B7782AAF8DDF0026FA1E /* SinkOrSwim.app */;
			productType = "com.apple.product-type.application";
		};
		5599B78D2AAF8DE10026FA1E /* SinkOrSwimTests */ = {
			isa = PBXNativeTarget;
			buildConfigurationList = 5599B7A52AAF8DE10026FA1E /* Build configuration list for PBXNativeTarget "SinkOrSwimTests" */;
			buildPhases = (
				5599B78A2AAF8DE10026FA1E /* Sources */,
				5599B78B2AAF8DE10026FA1E /* Frameworks */,
				5599B78C2AAF8DE10026FA1E /* Resources */,
			);
			buildRules = (
			);
			dependencies = (
				5599B7902AAF8DE10026FA1E /* PBXTargetDependency */,
			);
			name = SinkOrSwimTests;
			productName = SinkOrSwimTests;
			productReference = 5599B78E2AAF8DE10026FA1E /* SinkOrSwimTests.xctest */;
			productType = "com.apple.product-type.bundle.unit-test";
		};
		5599B7972AAF8DE10026FA1E /* SinkOrSwimUITests */ = {
			isa = PBXNativeTarget;
			buildConfigurationList = 5599B7A82AAF8DE10026FA1E /* Build configuration list for PBXNativeTarget "SinkOrSwimUITests" */;
			buildPhases = (
				5599B7942AAF8DE10026FA1E /* Sources */,
				5599B7952AAF8DE10026FA1E /* Frameworks */,
				5599B7962AAF8DE10026FA1E /* Resources */,
			);
			buildRules = (
			);
			dependencies = (
				5599B79A2AAF8DE10026FA1E /* PBXTargetDependency */,
			);
			name = SinkOrSwimUITests;
			productName = SinkOrSwimUITests;
			productReference = 5599B7982AAF8DE10026FA1E /* SinkOrSwimUITests.xctest */;
			productType = "com.apple.product-type.bundle.ui-testing";
		};
/* End PBXNativeTarget section */

/* Begin PBXProject section */
		5599B7702AAF8DDF0026FA1E /* Project object */ = {
			isa = PBXProject;
			attributes = {
				BuildIndependentTargetsInParallel = 1;
				LastSwiftUpdateCheck = 1430;
				LastUpgradeCheck = 1430;
				TargetAttributes = {
					5599B7772AAF8DDF0026FA1E = {
						CreatedOnToolsVersion = 14.3.1;
					};
					5599B78D2AAF8DE10026FA1E = {
						CreatedOnToolsVersion = 14.3.1;
						TestTargetID = 5599B7772AAF8DDF0026FA1E;
					};
					5599B7972AAF8DE10026FA1E = {
						CreatedOnToolsVersion = 14.3.1;
						TestTargetID = 5599B7772AAF8DDF0026FA1E;
					};
				};
			};
			buildConfigurationList = 5599B7732AAF8DDF0026FA1E /* Build configuration list for PBXProject "SinkOrSwim" */;
			compatibilityVersion = "Xcode 14.0";
			developmentRegion = en;
			hasScannedForEncodings = 0;
			knownRegions = (
				en,
				Base,
			);
			mainGroup = 5599B76F2AAF8DDF0026FA1E;
			productRefGroup = 5599B7792AAF8DDF0026FA1E /* Products */;
			projectDirPath = "";
			projectRoot = "";
			targets = (
				5599B7772AAF8DDF0026FA1E /* SinkOrSwim */,
				5599B78D2AAF8DE10026FA1E /* SinkOrSwimTests */,
				5599B7972AAF8DE10026FA1E /* SinkOrSwimUITests */,
			);
		};
/* End PBXProject section */

/* Begin PBXResourcesBuildPhase section */
		5599B7762AAF8DDF0026FA1E /* Resources */ = {
			isa = PBXResourcesBuildPhase;
			buildActionMask = 2147483647;
			files = (
				5599B7882AAF8DE10026FA1E /* LaunchScreen.storyboard in Resources */,
				5599B7852AAF8DE10026FA1E /* Assets.xcassets in Resources */,
				5599B7832AAF8DDF0026FA1E /* Main.storyboard in Resources */,
			);
			runOnlyForDeploymentPostprocessing = 0;
		};
		5599B78C2AAF8DE10026FA1E /* Resources */ = {
			isa = PBXResourcesBuildPhase;
			buildActionMask = 2147483647;
			files = (
			);
			runOnlyForDeploymentPostprocessing = 0;
		};
		5599B7962AAF8DE10026FA1E /* Resources */ = {
			isa = PBXResourcesBuildPhase;
			buildActionMask = 2147483647;
			files = (
			);
			runOnlyForDeploymentPostprocessing = 0;
		};
/* End PBXResourcesBuildPhase section */

/* Begin PBXSourcesBuildPhase section */
		5599B7742AAF8DDF0026FA1E /* Sources */ = {
			isa = PBXSourcesBuildPhase;
			buildActionMask = 2147483647;
			files = (
				5599B7802AAF8DDF0026FA1E /* ViewController.swift in Sources */,
				5599B77C2AAF8DDF0026FA1E /* AppDelegate.swift in Sources */,
				5599B77E2AAF8DDF0026FA1E /* SceneDelegate.swift in Sources */,
			);
			runOnlyForDeploymentPostprocessing = 0;
		};
		5599B78A2AAF8DE10026FA1E /* Sources */ = {
			isa = PBXSourcesBuildPhase;
			buildActionMask = 2147483647;
			files = (
				5599B7932AAF8DE10026FA1E /* SinkOrSwimTests.swift in Sources */,
			);
			runOnlyForDeploymentPostprocessing = 0;
		};
		5599B7942AAF8DE10026FA1E /* Sources */ = {
			isa = PBXSourcesBuildPhase;
			buildActionMask = 2147483647;
			files = (
				5599B79F2AAF8DE10026FA1E /* SinkOrSwimUITestsLaunchTests.swift in Sources */,
				5599B79D2AAF8DE10026FA1E /* SinkOrSwimUITests.swift in Sources */,
			);
			runOnlyForDeploymentPostprocessing = 0;
		};
/* End PBXSourcesBuildPhase section */

/* Begin PBXTargetDependency section */
		5599B7902AAF8DE10026FA1E /* PBXTargetDependency */ = {
			isa = PBXTargetDependency;
			target = 5599B7772AAF8DDF0026FA1E /* SinkOrSwim */;
			targetProxy = 5599B78F2AAF8DE10026FA1E /* PBXContainerItemProxy */;
		};
		5599B79A2AAF8DE10026FA1E /* PBXTargetDependency */ = {
			isa = PBXTargetDependency;
			target = 5599B7772AAF8DDF0026FA1E /* SinkOrSwim */;
			targetProxy = 5599B7992AAF8DE10026FA1E /* PBXContainerItemProxy */;
		};
/* End PBXTargetDependency section */

/* Begin PBXVariantGroup section */
		5599B7812AAF8DDF0026FA1E /* Main.storyboard */ = {
			isa = PBXVariantGroup;
			children = (
				5599B7822AAF8DDF0026FA1E /* Base */,
			);
			name = Main.storyboard;
			sourceTree = "<group>";
		};
		5599B7862AAF8DE10026FA1E /* LaunchScreen.storyboard */ = {
			isa = PBXVariantGroup;
			children = (
				5599B7872AAF8DE10026FA1E /* Base */,
			);
			name = LaunchScreen.storyboard;
			sourceTree = "<group>";
		};
/* End PBXVariantGroup section */

/* Begin XCBuildConfiguration section */
		5599B7A02AAF8DE10026FA1E /* Debug */ = {
			isa = XCBuildConfiguration;
			buildSettings = {
				ALWAYS_SEARCH_USER_PATHS = NO;
				CLANG_ANALYZER_NONNULL = YES;
				CLANG_ANALYZER_NUMBER_OBJECT_CONVERSION = YES_AGGRESSIVE;
				CLANG_CXX_LANGUAGE_STANDARD = "gnu++20";
				CLANG_ENABLE_MODULES = YES;
				CLANG_ENABLE_OBJC_ARC = YES;
				CLANG_ENABLE_OBJC_WEAK = YES;
				CLANG_WARN_BLOCK_CAPTURE_AUTORELEASING = YES;
				CLANG_WARN_BOOL_CONVERSION = YES;
				CLANG_WARN_COMMA = YES;
				CLANG_WARN_CONSTANT_CONVERSION = YES;
				CLANG_WARN_DEPRECATED_OBJC_IMPLEMENTATIONS = YES;
				CLANG_WARN_DIRECT_OBJC_ISA_USAGE = YES_ERROR;
				CLANG_WARN_DOCUMENTATION_COMMENTS = YES;
				CLANG_WARN_EMPTY_BODY = YES;
				CLANG_WARN_ENUM_CONVERSION = YES;
				CLANG_WARN_INFINITE_RECURSION = YES;
				CLANG_WARN_INT_CONVERSION = YES;
				CLANG_WARN_NON_LITERAL_NULL_CONVERSION = YES;
				CLANG_WARN_OBJC_IMPLICIT_RETAIN_SELF = YES;
				CLANG_WARN_OBJC_LITERAL_CONVERSION = YES;
				CLANG_WARN_OBJC_ROOT_CLASS = YES_ERROR;
				CLANG_WARN_QUOTED_INCLUDE_IN_FRAMEWORK_HEADER = YES;
				CLANG_WARN_RANGE_LOOP_ANALYSIS = YES;
				CLANG_WARN_STRICT_PROTOTYPES = YES;
				CLANG_WARN_SUSPICIOUS_MOVE = YES;
				CLANG_WARN_UNGUARDED_AVAILABILITY = YES_AGGRESSIVE;
				CLANG_WARN_UNREACHABLE_CODE = YES;
				CLANG_WARN__DUPLICATE_METHOD_MATCH = YES;
				COPY_PHASE_STRIP = NO;
				DEBUG_INFORMATION_FORMAT = dwarf;
				ENABLE_STRICT_OBJC_MSGSEND = YES;
				ENABLE_TESTABILITY = YES;
				GCC_C_LANGUAGE_STANDARD = gnu11;
				GCC_DYNAMIC_NO_PIC = NO;
				GCC_NO_COMMON_BLOCKS = YES;
				GCC_OPTIMIZATION_LEVEL = 0;
				GCC_PREPROCESSOR_DEFINITIONS = (
					"DEBUG=1",
					"$(inherited)",
				);
				GCC_WARN_64_TO_32_BIT_CONVERSION = YES;
				GCC_WARN_ABOUT_RETURN_TYPE = YES_ERROR;
				GCC_WARN_UNDECLARED_SELECTOR = YES;
				GCC_WARN_UNINITIALIZED_AUTOS = YES_AGGRESSIVE;
				GCC_WARN_UNUSED_FUNCTION = YES;
				GCC_WARN_UNUSED_VARIABLE = YES;
				IPHONEOS_DEPLOYMENT_TARGET = 16.4;
				MTL_ENABLE_DEBUG_INFO = INCLUDE_SOURCE;
				MTL_FAST_MATH = YES;
				ONLY_ACTIVE_ARCH = YES;
				SDKROOT = iphoneos;
				SWIFT_ACTIVE_COMPILATION_CONDITIONS = DEBUG;
				SWIFT_OPTIMIZATION_LEVEL = "-Onone";
			};
			name = Debug;
		};
		5599B7A12AAF8DE10026FA1E /* Release */ = {
			isa = XCBuildConfiguration;
			buildSettings = {
				ALWAYS_SEARCH_USER_PATHS = NO;
				CLANG_ANALYZER_NONNULL = YES;
				CLANG_ANALYZER_NUMBER_OBJECT_CONVERSION = YES_AGGRESSIVE;
				CLANG_CXX_LANGUAGE_STANDARD = "gnu++20";
				CLANG_ENABLE_MODULES = YES;
				CLANG_ENABLE_OBJC_ARC = YES;
				CLANG_ENABLE_OBJC_WEAK = YES;
				CLANG_WARN_BLOCK_CAPTURE_AUTORELEASING = YES;
				CLANG_WARN_BOOL_CONVERSION = YES;
				CLANG_WARN_COMMA = YES;
				CLANG_WARN_CONSTANT_CONVERSION = YES;
				CLANG_WARN_DEPRECATED_OBJC_IMPLEMENTATIONS = YES;
				CLANG_WARN_DIRECT_OBJC_ISA_USAGE = YES_ERROR;
				CLANG_WARN_DOCUMENTATION_COMMENTS = YES;
				CLANG_WARN_EMPTY_BODY = YES;
				CLANG_WARN_ENUM_CONVERSION = YES;
				CLANG_WARN_INFINITE_RECURSION = YES;
				CLANG_WARN_INT_CONVERSION = YES;
				CLANG_WARN_NON_LITERAL_NULL_CONVERSION = YES;
				CLANG_WARN_OBJC_IMPLICIT_RETAIN_SELF = YES;
				CLANG_WARN_OBJC_LITERAL_CONVERSION = YES;
				CLANG_WARN_OBJC_ROOT_CLASS = YES_ERROR;
				CLANG_WARN_QUOTED_INCLUDE_IN_FRAMEWORK_HEADER = YES;
				CLANG_WARN_RANGE_LOOP_ANALYSIS = YES;
				CLANG_WARN_STRICT_PROTOTYPES = YES;
				CLANG_WARN_SUSPICIOUS_MOVE = YES;
				CLANG_WARN_UNGUARDED_AVAILABILITY = YES_AGGRESSIVE;
				CLANG_WARN_UNREACHABLE_CODE = YES;
				CLANG_WARN__DUPLICATE_METHOD_MATCH = YES;
				COPY_PHASE_STRIP = NO;
				DEBUG_INFORMATION_FORMAT = "dwarf-with-dsym";
				ENABLE_NS_ASSERTIONS = NO;
				ENABLE_STRICT_OBJC_MSGSEND = YES;
				GCC_C_LANGUAGE_STANDARD = gnu11;
				GCC_NO_COMMON_BLOCKS = YES;
				GCC_WARN_64_TO_32_BIT_CONVERSION = YES;
				GCC_WARN_ABOUT_RETURN_TYPE = YES_ERROR;
				GCC_WARN_UNDECLARED_SELECTOR = YES;
				GCC_WARN_UNINITIALIZED_AUTOS = YES_AGGRESSIVE;
				GCC_WARN_UNUSED_FUNCTION = YES;
				GCC_WARN_UNUSED_VARIABLE = YES;
				IPHONEOS_DEPLOYMENT_TARGET = 16.4;
				MTL_ENABLE_DEBUG_INFO = NO;
				MTL_FAST_MATH = YES;
				SDKROOT = iphoneos;
				SWIFT_COMPILATION_MODE = wholemodule;
				SWIFT_OPTIMIZATION_LEVEL = "-O";
				VALIDATE_PRODUCT = YES;
			};
			name = Release;
		};
		5599B7A32AAF8DE10026FA1E /* Debug */ = {
			isa = XCBuildConfiguration;
			buildSettings = {
				ASSETCATALOG_COMPILER_APPICON_NAME = AppIcon;
				ASSETCATALOG_COMPILER_GLOBAL_ACCENT_COLOR_NAME = AccentColor;
				CODE_SIGN_STYLE = Automatic;
				CURRENT_PROJECT_VERSION = 1;
				DEVELOPMENT_TEAM = K66CM6ZX94;
				GENERATE_INFOPLIST_FILE = YES;
				INFOPLIST_FILE = SinkOrSwim/Info.plist;
				INFOPLIST_KEY_UIApplicationSupportsIndirectInputEvents = YES;
				INFOPLIST_KEY_UILaunchStoryboardName = LaunchScreen;
				INFOPLIST_KEY_UIMainStoryboardFile = Main;
				INFOPLIST_KEY_UISupportedInterfaceOrientations_iPad = "UIInterfaceOrientationPortrait UIInterfaceOrientationPortraitUpsideDown UIInterfaceOrientationLandscapeLeft UIInterfaceOrientationLandscapeRight";
				INFOPLIST_KEY_UISupportedInterfaceOrientations_iPhone = "UIInterfaceOrientationPortrait UIInterfaceOrientationLandscapeLeft UIInterfaceOrientationLandscapeRight";
				IPHONEOS_DEPLOYMENT_TARGET = 14.7;
				LD_RUNPATH_SEARCH_PATHS = (
					"$(inherited)",
					"@executable_path/Frameworks",
				);
				MARKETING_VERSION = 1.0;
				PRODUCT_BUNDLE_IDENTIFIER = com.delt.SinkOrSwim;
				PRODUCT_NAME = "$(TARGET_NAME)";
				SWIFT_EMIT_LOC_STRINGS = YES;
				SWIFT_VERSION = 5.0;
				TARGETED_DEVICE_FAMILY = "1,2";
			};
			name = Debug;
		};
		5599B7A42AAF8DE10026FA1E /* Release */ = {
			isa = XCBuildConfiguration;
			buildSettings = {
				ASSETCATALOG_COMPILER_APPICON_NAME = AppIcon;
				ASSETCATALOG_COMPILER_GLOBAL_ACCENT_COLOR_NAME = AccentColor;
				CODE_SIGN_STYLE = Automatic;
				CURRENT_PROJECT_VERSION = 1;
				DEVELOPMENT_TEAM = F69WJ27LN4;
				GENERATE_INFOPLIST_FILE = YES;
				INFOPLIST_FILE = SinkOrSwim/Info.plist;
				INFOPLIST_KEY_UIApplicationSupportsIndirectInputEvents = YES;
				INFOPLIST_KEY_UILaunchStoryboardName = LaunchScreen;
				INFOPLIST_KEY_UIMainStoryboardFile = Main;
				INFOPLIST_KEY_UISupportedInterfaceOrientations_iPad = "UIInterfaceOrientationPortrait UIInterfaceOrientationPortraitUpsideDown UIInterfaceOrientationLandscapeLeft UIInterfaceOrientationLandscapeRight";
				INFOPLIST_KEY_UISupportedInterfaceOrientations_iPhone = "UIInterfaceOrientationPortrait UIInterfaceOrientationLandscapeLeft UIInterfaceOrientationLandscapeRight";
				IPHONEOS_DEPLOYMENT_TARGET = 14.7;
				LD_RUNPATH_SEARCH_PATHS = (
					"$(inherited)",
					"@executable_path/Frameworks",
				);
				MARKETING_VERSION = 1.0;
				PRODUCT_BUNDLE_IDENTIFIER = com.delt.SinkOrSwim;
				PRODUCT_NAME = "$(TARGET_NAME)";
				SWIFT_EMIT_LOC_STRINGS = YES;
				SWIFT_VERSION = 5.0;
				TARGETED_DEVICE_FAMILY = "1,2";
			};
			name = Release;
		};
		5599B7A62AAF8DE10026FA1E /* Debug */ = {
			isa = XCBuildConfiguration;
			buildSettings = {
				ALWAYS_EMBED_SWIFT_STANDARD_LIBRARIES = YES;
				BUNDLE_LOADER = "$(TEST_HOST)";
				CODE_SIGN_STYLE = Automatic;
				CURRENT_PROJECT_VERSION = 1;
				DEVELOPMENT_TEAM = F69WJ27LN4;
				GENERATE_INFOPLIST_FILE = YES;
				IPHONEOS_DEPLOYMENT_TARGET = 16.4;
				MARKETING_VERSION = 1.0;
				PRODUCT_BUNDLE_IDENTIFIER = com.delt.SinkOrSwimTests;
				PRODUCT_NAME = "$(TARGET_NAME)";
				SWIFT_EMIT_LOC_STRINGS = NO;
				SWIFT_VERSION = 5.0;
				TARGETED_DEVICE_FAMILY = "1,2";
				TEST_HOST = "$(BUILT_PRODUCTS_DIR)/SinkOrSwim.app/$(BUNDLE_EXECUTABLE_FOLDER_PATH)/SinkOrSwim";
			};
			name = Debug;
		};
		5599B7A72AAF8DE10026FA1E /* Release */ = {
			isa = XCBuildConfiguration;
			buildSettings = {
				ALWAYS_EMBED_SWIFT_STANDARD_LIBRARIES = YES;
				BUNDLE_LOADER = "$(TEST_HOST)";
				CODE_SIGN_STYLE = Automatic;
				CURRENT_PROJECT_VERSION = 1;
				DEVELOPMENT_TEAM = F69WJ27LN4;
				GENERATE_INFOPLIST_FILE = YES;
				IPHONEOS_DEPLOYMENT_TARGET = 16.4;
				MARKETING_VERSION = 1.0;
				PRODUCT_BUNDLE_IDENTIFIER = com.delt.SinkOrSwimTests;
				PRODUCT_NAME = "$(TARGET_NAME)";
				SWIFT_EMIT_LOC_STRINGS = NO;
				SWIFT_VERSION = 5.0;
				TARGETED_DEVICE_FAMILY = "1,2";
				TEST_HOST = "$(BUILT_PRODUCTS_DIR)/SinkOrSwim.app/$(BUNDLE_EXECUTABLE_FOLDER_PATH)/SinkOrSwim";
			};
			name = Release;
		};
		5599B7A92AAF8DE10026FA1E /* Debug */ = {
			isa = XCBuildConfiguration;
			buildSettings = {
				ALWAYS_EMBED_SWIFT_STANDARD_LIBRARIES = YES;
				CODE_SIGN_STYLE = Automatic;
				CURRENT_PROJECT_VERSION = 1;
				DEVELOPMENT_TEAM = F69WJ27LN4;
				GENERATE_INFOPLIST_FILE = YES;
				MARKETING_VERSION = 1.0;
				PRODUCT_BUNDLE_IDENTIFIER = com.delt.SinkOrSwimUITests;
				PRODUCT_NAME = "$(TARGET_NAME)";
				SWIFT_EMIT_LOC_STRINGS = NO;
				SWIFT_VERSION = 5.0;
				TARGETED_DEVICE_FAMILY = "1,2";
				TEST_TARGET_NAME = SinkOrSwim;
			};
			name = Debug;
		};
		5599B7AA2AAF8DE10026FA1E /* Release */ = {
			isa = XCBuildConfiguration;
			buildSettings = {
				ALWAYS_EMBED_SWIFT_STANDARD_LIBRARIES = YES;
				CODE_SIGN_STYLE = Automatic;
				CURRENT_PROJECT_VERSION = 1;
				DEVELOPMENT_TEAM = F69WJ27LN4;
				GENERATE_INFOPLIST_FILE = YES;
				MARKETING_VERSION = 1.0;
				PRODUCT_BUNDLE_IDENTIFIER = com.delt.SinkOrSwimUITests;
				PRODUCT_NAME = "$(TARGET_NAME)";
				SWIFT_EMIT_LOC_STRINGS = NO;
				SWIFT_VERSION = 5.0;
				TARGETED_DEVICE_FAMILY = "1,2";
				TEST_TARGET_NAME = SinkOrSwim;
			};
			name = Release;
		};
/* End XCBuildConfiguration section */

/* Begin XCConfigurationList section */
		5599B7732AAF8DDF0026FA1E /* Build configuration list for PBXProject "SinkOrSwim" */ = {
			isa = XCConfigurationList;
			buildConfigurations = (
				5599B7A02AAF8DE10026FA1E /* Debug */,
				5599B7A12AAF8DE10026FA1E /* Release */,
			);
			defaultConfigurationIsVisible = 0;
			defaultConfigurationName = Release;
		};
		5599B7A22AAF8DE10026FA1E /* Build configuration list for PBXNativeTarget "SinkOrSwim" */ = {
			isa = XCConfigurationList;
			buildConfigurations = (
				5599B7A32AAF8DE10026FA1E /* Debug */,
				5599B7A42AAF8DE10026FA1E /* Release */,
			);
			defaultConfigurationIsVisible = 0;
			defaultConfigurationName = Release;
		};
		5599B7A52AAF8DE10026FA1E /* Build configuration list for PBXNativeTarget "SinkOrSwimTests" */ = {
			isa = XCConfigurationList;
			buildConfigurations = (
				5599B7A62AAF8DE10026FA1E /* Debug */,
				5599B7A72AAF8DE10026FA1E /* Release */,
			);
			defaultConfigurationIsVisible = 0;
			defaultConfigurationName = Release;
		};
		5599B7A82AAF8DE10026FA1E /* Build configuration list for PBXNativeTarget "SinkOrSwimUITests" */ = {
			isa = XCConfigurationList;
			buildConfigurations = (
				5599B7A92AAF8DE10026FA1E /* Debug */,
				5599B7AA2AAF8DE10026FA1E /* Release */,
			);
			defaultConfigurationIsVisible = 0;
			defaultConfigurationName = Release;
		};
/* End XCConfigurationList section */
	};
	rootObject = 5599B7702AAF8DDF0026FA1E /* Project object */;
}
